
Microsoft Visual Studio Solution File, Format Version 12.00
# Visual Studio Version 17
VisualStudioVersion = 17.7.34221.43
MinimumVisualStudioVersion = 10.0.40219.1
Project("{9A19103F-16F7-4668-BE54-9A1E7A4F7556}") = "欧姆龙视觉示例", "欧姆龙视觉示例.csproj", "{A0D07909-072B-4B19-9818-7EC88762799D}"
EndProject
Global
	GlobalSection(SolutionConfigurationPlatforms) = preSolution
		Debug|Any CPU = Debug|Any CPU
		Debug|x64 = Debug|x64
		Debug|x86 = Debug|x86
		Release|Any CPU = Release|Any CPU
		Release|x64 = Release|x64
		Release|x86 = Release|x86
	EndGlobalSection
	GlobalSection(ProjectConfigurationPlatforms) = postSolution
		{A0D07909-072B-4B19-9818-7EC88762799D}.Debug|Any CPU.ActiveCfg = Debug|Any CPU
		{A0D07909-072B-4B19-9818-7EC88762799D}.Debug|Any CPU.Build.0 = Debug|Any CPU
		{A0D07909-072B-4B19-9818-7EC88762799D}.Debug|x64.ActiveCfg = Debug|Any CPU
		{A0D07909-072B-4B19-9818-7EC88762799D}.Debug|x64.Build.0 = Debug|Any CPU
		{A0D07909-072B-4B19-9818-7EC88762799D}.Debug|x86.ActiveCfg = Debug|Any CPU
		{A0D07909-072B-4B19-9818-7EC88762799D}.Debug|x86.Build.0 = Debug|Any CPU
		{A0D07909-072B-4B19-9818-7EC88762799D}.Release|Any CPU.ActiveCfg = Release|Any CPU
		{A0D07909-072B-4B19-9818-7EC88762799D}.Release|Any CPU.Build.0 = Release|Any CPU
		{A0D07909-072B-4B19-9818-7EC88762799D}.Release|x64.ActiveCfg = Release|Any CPU
		{A0D07909-072B-4B19-9818-7EC88762799D}.Release|x64.Build.0 = Release|Any CPU
		{A0D07909-072B-4B19-9818-7EC88762799D}.Release|x86.ActiveCfg = Release|Any CPU
		{A0D07909-072B-4B19-9818-7EC88762799D}.Release|x86.Build.0 = Release|Any CPU
	EndGlobalSection
	GlobalSection(SolutionProperties) = preSolution
		HideSolutionNode = FALSE
	EndGlobalSection
	GlobalSection(ExtensibilityGlobals) = postSolution
		SolutionGuid = {1C275188-3C69-420A-95A2-ADE19C708ED2}
	EndGlobalSection
EndGlobal
